// !$*UTF8*$!
{
	archiveVersion = 1;
	classes = {
	};
	objectVersion = 50;
	objects = {

/* Begin PBXBuildFile section */
		55CA884A2247DB01005FDD77 /* AppDelegate.swift in Sources */ = {isa = PBXBuildFile; fileRef = 55CA88492247DB01005FDD77 /* AppDelegate.swift */; };
		55CA884C2247DB01005FDD77 /* ViewController.swift in Sources */ = {isa = PBXBuildFile; fileRef = 55CA884B2247DB01005FDD77 /* ViewController.swift */; };
		55CA884F2247DB01005FDD77 /* Main.storyboard in Resources */ = {isa = PBXBuildFile; fileRef = 55CA884D2247DB01005FDD77 /* Main.storyboard */; };
		55CA88512247DB05005FDD77 /* Assets.xcassets in Resources */ = {isa = PBXBuildFile; fileRef = 55CA88502247DB05005FDD77 /* Assets.xcassets */; };
		55CA88542247DB05005FDD77 /* LaunchScreen.storyboard in Resources */ = {isa = PBXBuildFile; fileRef = 55CA88522247DB05005FDD77 /* LaunchScreen.storyboard */; };
		55CA885F2247DB05005FDD77 /* LifeCycleTests.swift in Sources */ = {isa = PBXBuildFile; fileRef = 55CA885E2247DB05005FDD77 /* LifeCycleTests.swift */; };
		55CA886A2247DB05005FDD77 /* LifeCycleUITests.swift in Sources */ = {isa = PBXBuildFile; fileRef = 55CA88692247DB05005FDD77 /* LifeCycleUITests.swift */; };
		55E99317224BF35C00ECAAF8 /* secondViewController.swift in Sources */ = {isa = PBXBuildFile; fileRef = 55E99316224BF35C00ECAAF8 /* secondViewController.swift */; };
/* End PBXBuildFile section */

/* Begin PBXContainerItemProxy section */
		55CA885B2247DB05005FDD77 /* PBXContainerItemProxy */ = {
			isa = PBXContainerItemProxy;
			containerPortal = 55CA883E2247DB01005FDD77 /* Project object */;
			proxyType = 1;
			remoteGlobalIDString = 55CA88452247DB01005FDD77;
			remoteInfo = LifeCycle;
		};
		55CA88662247DB05005FDD77 /* PBXContainerItemProxy */ = {
			isa = PBXContainerItemProxy;
			containerPortal = 55CA883E2247DB01005FDD77 /* Project object */;
			proxyType = 1;
			remoteGlobalIDString = 55CA88452247DB01005FDD77;
			remoteInfo = LifeCycle;
		};
/* End PBXContainerItemProxy section */

/* Begin PBXFileReference section */
		55CA88462247DB01005FDD77 /* LifeCycle.app */ = {isa = PBXFileReference; explicitFileType = wrapper.application; includeInIndex = 0; path = LifeCycle.app; sourceTree = BUILT_PRODUCTS_DIR; };
		55CA88492247DB01005FDD77 /* AppDelegate.swift */ = {isa = PBXFileReference; lastKnownFileType = sourcecode.swift; path = AppDelegate.swift; sourceTree = "<group>"; };
		55CA884B2247DB01005FDD77 /* ViewController.swift */ = {isa = PBXFileReference; lastKnownFileType = sourcecode.swift; path = ViewController.swift; sourceTree = "<group>"; };
		55CA884E2247DB01005FDD77 /* Base */ = {isa = PBXFileReference; lastKnownFileType = file.storyboard; name = Base; path = Base.lproj/Main.storyboard; sourceTree = "<group>"; };
		55CA88502247DB05005FDD77 /* Assets.xcassets */ = {isa = PBXFileReference; lastKnownFileType = folder.assetcatalog; path = Assets.xcassets; sourceTree = "<group>"; };
		55CA88532247DB05005FDD77 /* Base */ = {isa = PBXFileReference; lastKnownFileType = file.storyboard; name = Base; path = Base.lproj/LaunchScreen.storyboard; sourceTree = "<group>"; };
		55CA88552247DB05005FDD77 /* Info.plist */ = {isa = PBXFileReference; lastKnownFileType = text.plist.xml; path = Info.plist; sourceTree = "<group>"; };
		55CA885A2247DB05005FDD77 /* LifeCycleTests.xctest */ = {isa = PBXFileReference; explicitFileType = wrapper.cfbundle; includeInIndex = 0; path = LifeCycleTests.xctest; sourceTree = BUILT_PRODUCTS_DIR; };
		55CA885E2247DB05005FDD77 /* LifeCycleTests.swift */ = {isa = PBXFileReference; lastKnownFileType = sourcecode.swift; path = LifeCycleTests.swift; sourceTree = "<group>"; };
		55CA88602247DB05005FDD77 /* Info.plist */ = {isa = PBXFileReference; lastKnownFileType = text.plist.xml; path = Info.plist; sourceTree = "<group>"; };
		55CA88652247DB05005FDD77 /* LifeCycleUITests.xctest */ = {isa = PBXFileReference; explicitFileType = wrapper.cfbundle; includeInIndex = 0; path = LifeCycleUITests.xctest; sourceTree = BUILT_PRODUCTS_DIR; };
		55CA88692247DB05005FDD77 /* LifeCycleUITests.swift */ = {isa = PBXFileReference; lastKnownFileType = sourcecode.swift; path = LifeCycleUITests.swift; sourceTree = "<group>"; };
		55CA886B2247DB05005FDD77 /* Info.plist */ = {isa = PBXFileReference; lastKnownFileType = text.plist.xml; path = Info.plist; sourceTree = "<group>"; };
		55E99316224BF35C00ECAAF8 /* secondViewController.swift */ = {isa = PBXFileReference; lastKnownFileType = sourcecode.swift; path = secondViewController.swift; sourceTree = "<group>"; };
/* End PBXFileReference section */

/* Begin PBXFrameworksBuildPhase section */
		55CA88432247DB01005FDD77 /* Frameworks */ = {
			isa = PBXFrameworksBuildPhase;
			buildActionMask = 2147483647;
			files = (
			);
			runOnlyForDeploymentPostprocessing = 0;
		};
		55CA88572247DB05005FDD77 /* Frameworks */ = {
			isa = PBXFrameworksBuildPhase;
			buildActionMask = 2147483647;
			files = (
			);
			runOnlyForDeploymentPostprocessing = 0;
		};
		55CA88622247DB05005FDD77 /* Frameworks */ = {
			isa = PBXFrameworksBuildPhase;
			buildActionMask = 2147483647;
			files = (
			);
			runOnlyForDeploymentPostprocessing = 0;
		};
/* End PBXFrameworksBuildPhase section */

/* Begin PBXGroup section */
		55CA883D2247DB01005FDD77 = {
			isa = PBXGroup;
			children = (
				55CA88482247DB01005FDD77 /* LifeCycle */,
				55CA885D2247DB05005FDD77 /* LifeCycleTests */,
				55CA88682247DB05005FDD77 /* LifeCycleUITests */,
				55CA88472247DB01005FDD77 /* Products */,
			);
			sourceTree = "<group>";
		};
		55CA88472247DB01005FDD77 /* Products */ = {
			isa = PBXGroup;
			children = (
				55CA88462247DB01005FDD77 /* LifeCycle.app */,
				55CA885A2247DB05005FDD77 /* LifeCycleTests.xctest */,
				55CA88652247DB05005FDD77 /* LifeCycleUITests.xctest */,
			);
			name = Products;
			sourceTree = "<group>";
		};
		55CA88482247DB01005FDD77 /* LifeCycle */ = {
			isa = PBXGroup;
			children = (
				55CA88492247DB01005FDD77 /* AppDelegate.swift */,
				55CA884B2247DB01005FDD77 /* ViewController.swift */,
				55CA884D2247DB01005FDD77 /* Main.storyboard */,
				55CA88502247DB05005FDD77 /* Assets.xcassets */,
				55CA88522247DB05005FDD77 /* LaunchScreen.storyboard */,
				55CA88552247DB05005FDD77 /* Info.plist */,
				55E99316224BF35C00ECAAF8 /* secondViewController.swift */,
			);
			path = LifeCycle;
			sourceTree = "<group>";
		};
		55CA885D2247DB05005FDD77 /* LifeCycleTests */ = {
			isa = PBXGroup;
			children = (
				55CA885E2247DB05005FDD77 /* LifeCycleTests.swift */,
				55CA88602247DB05005FDD77 /* Info.plist */,
			);
			path = LifeCycleTests;
			sourceTree = "<group>";
		};
		55CA88682247DB05005FDD77 /* LifeCycleUITests */ = {
			isa = PBXGroup;
			children = (
				55CA88692247DB05005FDD77 /* LifeCycleUITests.swift */,
				55CA886B2247DB05005FDD77 /* Info.plist */,
			);
			path = LifeCycleUITests;
			sourceTree = "<group>";
		};
/* End PBXGroup section */

/* Begin PBXNativeTarget section */
		55CA88452247DB01005FDD77 /* LifeCycle */ = {
			isa = PBXNativeTarget;
			buildConfigurationList = 55CA886E2247DB05005FDD77 /* Build configuration list for PBXNativeTarget "LifeCycle" */;
			buildPhases = (
				55CA88422247DB01005FDD77 /* Sources */,
				55CA88432247DB01005FDD77 /* Frameworks */,
				55CA88442247DB01005FDD77 /* Resources */,
			);
			buildRules = (
			);
			dependencies = (
			);
			name = LifeCycle;
			productName = LifeCycle;
			productReference = 55CA88462247DB01005FDD77 /* LifeCycle.app */;
			productType = "com.apple.product-type.application";
		};
		55CA88592247DB05005FDD77 /* LifeCycleTests */ = {
			isa = PBXNativeTarget;
			buildConfigurationList = 55CA88712247DB05005FDD77 /* Build configuration list for PBXNativeTarget "LifeCycleTests" */;
			buildPhases = (
				55CA88562247DB05005FDD77 /* Sources */,
				55CA88572247DB05005FDD77 /* Frameworks */,
				55CA88582247DB05005FDD77 /* Resources */,
			);
			buildRules = (
			);
			dependencies = (
				55CA885C2247DB05005FDD77 /* PBXTargetDependency */,
			);
			name = LifeCycleTests;
			productName = LifeCycleTests;
			productReference = 55CA885A2247DB05005FDD77 /* LifeCycleTests.xctest */;
			productType = "com.apple.product-type.bundle.unit-test";
		};
		55CA88642247DB05005FDD77 /* LifeCycleUITests */ = {
			isa = PBXNativeTarget;
			buildConfigurationList = 55CA88742247DB05005FDD77 /* Build configuration list for PBXNativeTarget "LifeCycleUITests" */;
			buildPhases = (
				55CA88612247DB05005FDD77 /* Sources */,
				55CA88622247DB05005FDD77 /* Frameworks */,
				55CA88632247DB05005FDD77 /* Resources */,
			);
			buildRules = (
			);
			dependencies = (
				55CA88672247DB05005FDD77 /* PBXTargetDependency */,
			);
			name = LifeCycleUITests;
			productName = LifeCycleUITests;
			productReference = 55CA88652247DB05005FDD77 /* LifeCycleUITests.xctest */;
			productType = "com.apple.product-type.bundle.ui-testing";
		};
/* End PBXNativeTarget section */

/* Begin PBXProject section */
		55CA883E2247DB01005FDD77 /* Project object */ = {
			isa = PBXProject;
			attributes = {
				LastSwiftUpdateCheck = 1010;
				LastUpgradeCheck = 1010;
				ORGANIZATIONNAME = Os;
				TargetAttributes = {
					55CA88452247DB01005FDD77 = {
						CreatedOnToolsVersion = 10.1;
					};
					55CA88592247DB05005FDD77 = {
						CreatedOnToolsVersion = 10.1;
						TestTargetID = 55CA88452247DB01005FDD77;
					};
					55CA88642247DB05005FDD77 = {
						CreatedOnToolsVersion = 10.1;
						TestTargetID = 55CA88452247DB01005FDD77;
					};
				};
			};
			buildConfigurationList = 55CA88412247DB01005FDD77 /* Build configuration list for PBXProject "LifeCycle" */;
			compatibilityVersion = "Xcode 9.3";
			developmentRegion = en;
			hasScannedForEncodings = 0;
			knownRegions = (
				en,
				Base,
			);
			mainGroup = 55CA883D2247DB01005FDD77;
			productRefGroup = 55CA88472247DB01005FDD77 /* Products */;
			projectDirPath = "";
			projectRoot = "";
			targets = (
				55CA88452247DB01005FDD77 /* LifeCycle */,
				55CA88592247DB05005FDD77 /* LifeCycleTests */,
				55CA88642247DB05005FDD77 /* LifeCycleUITests */,
			);
		};
/* End PBXProject section */

/* Begin PBXResourcesBuildPhase section */
		55CA88442247DB01005FDD77 /* Resources */ = {
			isa = PBXResourcesBuildPhase;
			buildActionMask = 2147483647;
			files = (
				55CA88542247DB05005FDD77 /* LaunchScreen.storyboard in Resources */,
				55CA88512247DB05005FDD77 /* Assets.xcassets in Resources */,
				55CA884F2247DB01005FDD77 /* Main.storyboard in Resources */,
			);
			runOnlyForDeploymentPostprocessing = 0;
		};
		55CA88582247DB05005FDD77 /* Resources */ = {
			isa = PBXResourcesBuildPhase;
			buildActionMask = 2147483647;
			files = (
			);
			runOnlyForDeploymentPostprocessing = 0;
		};
		55CA88632247DB05005FDD77 /* Resources */ = {
			isa = PBXResourcesBuildPhase;
			buildActionMask = 2147483647;
			files = (
			);
			runOnlyForDeploymentPostprocessing = 0;
		};
/* End PBXResourcesBuildPhase section */

/* Begin PBXSourcesBuildPhase section */
		55CA88422247DB01005FDD77 /* Sources */ = {
			isa = PBXSourcesBuildPhase;
			buildActionMask = 2147483647;
			files = (
				55CA884C2247DB01005FDD77 /* ViewController.swift in Sources */,
				55E99317224BF35C00ECAAF8 /* secondViewController.swift in Sources */,
				55CA884A2247DB01005FDD77 /* AppDelegate.swift in Sources */,
			);
			runOnlyForDeploymentPostprocessing = 0;
		};
		55CA88562247DB05005FDD77 /* Sources */ = {
			isa = PBXSourcesBuildPhase;
			buildActionMask = 2147483647;
			files = (
				55CA885F2247DB05005FDD77 /* LifeCycleTests.swift in Sources */,
			);
			runOnlyForDeploymentPostprocessing = 0;
		};
		55CA88612247DB05005FDD77 /* Sources */ = {
			isa = PBXSourcesBuildPhase;
			buildActionMask = 2147483647;
			files = (
				55CA886A2247DB05005FDD77 /* LifeCycleUITests.swift in Sources */,
			);
			runOnlyForDeploymentPostprocessing = 0;
		};
/* End PBXSourcesBuildPhase section */

/* Begin PBXTargetDependency section */
		55CA885C2247DB05005FDD77 /* PBXTargetDependency */ = {
			isa = PBXTargetDependency;
			target = 55CA88452247DB01005FDD77 /* LifeCycle */;
			targetProxy = 55CA885B2247DB05005FDD77 /* PBXContainerItemProxy */;
		};
		55CA88672247DB05005FDD77 /* PBXTargetDependency */ = {
			isa = PBXTargetDependency;
			target = 55CA88452247DB01005FDD77 /* LifeCycle */;
			targetProxy = 55CA88662247DB05005FDD77 /* PBXContainerItemProxy */;
		};
/* End PBXTargetDependency section */

/* Begin PBXVariantGroup section */
		55CA884D2247DB01005FDD77 /* Main.storyboard */ = {
			isa = PBXVariantGroup;
			children = (
				55CA884E2247DB01005FDD77 /* Base */,
			);
			name = Main.storyboard;
			sourceTree = "<group>";
		};
		55CA88522247DB05005FDD77 /* LaunchScreen.storyboard */ = {
			isa = PBXVariantGroup;
			children = (
				55CA88532247DB05005FDD77 /* Base */,
			);
			name = LaunchScreen.storyboard;
			sourceTree = "<group>";
		};
/* End PBXVariantGroup section */

/* Begin XCBuildConfiguration section */
		55CA886C2247DB05005FDD77 /* Debug */ = {
			isa = XCBuildConfiguration;
			buildSettings = {
				ALWAYS_SEARCH_USER_PATHS = NO;
				CLANG_ANALYZER_NONNULL = YES;
				CLANG_ANALYZER_NUMBER_OBJECT_CONVERSION = YES_AGGRESSIVE;
				CLANG_CXX_LANGUAGE_STANDARD = "gnu++14";
				CLANG_CXX_LIBRARY = "libc++";
				CLANG_ENABLE_MODULES = YES;
				CLANG_ENABLE_OBJC_ARC = YES;
				CLANG_ENABLE_OBJC_WEAK = YES;
				CLANG_WARN_BLOCK_CAPTURE_AUTORELEASING = YES;
				CLANG_WARN_BOOL_CONVERSION = YES;
				CLANG_WARN_COMMA = YES;
				CLANG_WARN_CONSTANT_CONVERSION = YES;
				CLANG_WARN_DEPRECATED_OBJC_IMPLEMENTATIONS = YES;
				CLANG_WARN_DIRECT_OBJC_ISA_USAGE = YES_ERROR;
				CLANG_WARN_DOCUMENTATION_COMMENTS = YES;
				CLANG_WARN_EMPTY_BODY = YES;
				CLANG_WARN_ENUM_CONVERSION = YES;
				CLANG_WARN_INFINITE_RECURSION = YES;
				CLANG_WARN_INT_CONVERSION = YES;
				CLANG_WARN_NON_LITERAL_NULL_CONVERSION = YES;
				CLANG_WARN_OBJC_IMPLICIT_RETAIN_SELF = YES;
				CLANG_WARN_OBJC_LITERAL_CONVERSION = YES;
				CLANG_WARN_OBJC_ROOT_CLASS = YES_ERROR;
				CLANG_WARN_RANGE_LOOP_ANALYSIS = YES;
				CLANG_WARN_STRICT_PROTOTYPES = YES;
				CLANG_WARN_SUSPICIOUS_MOVE = YES;
				CLANG_WARN_UNGUARDED_AVAILABILITY = YES_AGGRESSIVE;
				CLANG_WARN_UNREACHABLE_CODE = YES;
				CLANG_WARN__DUPLICATE_METHOD_MATCH = YES;
				CODE_SIGN_IDENTITY = "iPhone Developer";
				COPY_PHASE_STRIP = NO;
				DEBUG_INFORMATION_FORMAT = dwarf;
				ENABLE_STRICT_OBJC_MSGSEND = YES;
				ENABLE_TESTABILITY = YES;
				GCC_C_LANGUAGE_STANDARD = gnu11;
				GCC_DYNAMIC_NO_PIC = NO;
				GCC_NO_COMMON_BLOCKS = YES;
				GCC_OPTIMIZATION_LEVEL = 0;
				GCC_PREPROCESSOR_DEFINITIONS = (
					"DEBUG=1",
					"$(inherited)",
				);
				GCC_WARN_64_TO_32_BIT_CONVERSION = YES;
				GCC_WARN_ABOUT_RETURN_TYPE = YES_ERROR;
				GCC_WARN_UNDECLARED_SELECTOR = YES;
				GCC_WARN_UNINITIALIZED_AUTOS = YES_AGGRESSIVE;
				GCC_WARN_UNUSED_FUNCTION = YES;
				GCC_WARN_UNUSED_VARIABLE = YES;
				IPHONEOS_DEPLOYMENT_TARGET = 12.1;
				MTL_ENABLE_DEBUG_INFO = INCLUDE_SOURCE;
				MTL_FAST_MATH = YES;
				ONLY_ACTIVE_ARCH = YES;
				SDKROOT = iphoneos;
				SWIFT_ACTIVE_COMPILATION_CONDITIONS = DEBUG;
				SWIFT_OPTIMIZATION_LEVEL = "-Onone";
			};
			name = Debug;
		};
		55CA886D2247DB05005FDD77 /* Release */ = {
			isa = XCBuildConfiguration;
			buildSettings = {
				ALWAYS_SEARCH_USER_PATHS = NO;
				CLANG_ANALYZER_NONNULL = YES;
				CLANG_ANALYZER_NUMBER_OBJECT_CONVERSION = YES_AGGRESSIVE;
				CLANG_CXX_LANGUAGE_STANDARD = "gnu++14";
				CLANG_CXX_LIBRARY = "libc++";
				CLANG_ENABLE_MODULES = YES;
				CLANG_ENABLE_OBJC_ARC = YES;
				CLANG_ENABLE_OBJC_WEAK = YES;
				CLANG_WARN_BLOCK_CAPTURE_AUTORELEASING = YES;
				CLANG_WARN_BOOL_CONVERSION = YES;
				CLANG_WARN_COMMA = YES;
				CLANG_WARN_CONSTANT_CONVERSION = YES;
				CLANG_WARN_DEPRECATED_OBJC_IMPLEMENTATIONS = YES;
				CLANG_WARN_DIRECT_OBJC_ISA_USAGE = YES_ERROR;
				CLANG_WARN_DOCUMENTATION_COMMENTS = YES;
				CLANG_WARN_EMPTY_BODY = YES;
				CLANG_WARN_ENUM_CONVERSION = YES;
				CLANG_WARN_INFINITE_RECURSION = YES;
				CLANG_WARN_INT_CONVERSION = YES;
				CLANG_WARN_NON_LITERAL_NULL_CONVERSION = YES;
				CLANG_WARN_OBJC_IMPLICIT_RETAIN_SELF = YES;
				CLANG_WARN_OBJC_LITERAL_CONVERSION = YES;
				CLANG_WARN_OBJC_ROOT_CLASS = YES_ERROR;
				CLANG_WARN_RANGE_LOOP_ANALYSIS = YES;
				CLANG_WARN_STRICT_PROTOTYPES = YES;
				CLANG_WARN_SUSPICIOUS_MOVE = YES;
				CLANG_WARN_UNGUARDED_AVAILABILITY = YES_AGGRESSIVE;
				CLANG_WARN_UNREACHABLE_CODE = YES;
				CLANG_WARN__DUPLICATE_METHOD_MATCH = YES;
				CODE_SIGN_IDENTITY = "iPhone Developer";
				COPY_PHASE_STRIP = NO;
				DEBUG_INFORMATION_FORMAT = "dwarf-with-dsym";
				ENABLE_NS_ASSERTIONS = NO;
				ENABLE_STRICT_OBJC_MSGSEND = YES;
				GCC_C_LANGUAGE_STANDARD = gnu11;
				GCC_NO_COMMON_BLOCKS = YES;
				GCC_WARN_64_TO_32_BIT_CONVERSION = YES;
				GCC_WARN_ABOUT_RETURN_TYPE = YES_ERROR;
				GCC_WARN_UNDECLARED_SELECTOR = YES;
				GCC_WARN_UNINITIALIZED_AUTOS = YES_AGGRESSIVE;
				GCC_WARN_UNUSED_FUNCTION = YES;
				GCC_WARN_UNUSED_VARIABLE = YES;
				IPHONEOS_DEPLOYMENT_TARGET = 12.1;
				MTL_ENABLE_DEBUG_INFO = NO;
				MTL_FAST_MATH = YES;
				SDKROOT = iphoneos;
				SWIFT_COMPILATION_MODE = wholemodule;
				SWIFT_OPTIMIZATION_LEVEL = "-O";
				VALIDATE_PRODUCT = YES;
			};
			name = Release;
		};
		55CA886F2247DB05005FDD77 /* Debug */ = {
			isa = XCBuildConfiguration;
			buildSettings = {
				ASSETCATALOG_COMPILER_APPICON_NAME = AppIcon;
				CODE_SIGN_STYLE = Automatic;
				DEVELOPMENT_TEAM = 55CAP79G8F;
				INFOPLIST_FILE = LifeCycle/Info.plist;
				LD_RUNPATH_SEARCH_PATHS = (
					"$(inherited)",
					"@executable_path/Frameworks",
				);
				PRODUCT_BUNDLE_IDENTIFIER = Os.LifeCycle;
				PRODUCT_NAME = "$(TARGET_NAME)";
				SWIFT_VERSION = 4.2;
				TARGETED_DEVICE_FAMILY = "1,2";
			};
			name = Debug;
		};
		55CA88702247DB05005FDD77 /* Release */ = {
			isa = XCBuildConfiguration;
			buildSettings = {
				ASSETCATALOG_COMPILER_APPICON_NAME = AppIcon;
				CODE_SIGN_STYLE = Automatic;
				DEVELOPMENT_TEAM = 55CAP79G8F;
				INFOPLIST_FILE = LifeCycle/Info.plist;
				LD_RUNPATH_SEARCH_PATHS = (
					"$(inherited)",
					"@executable_path/Frameworks",
				);
				PRODUCT_BUNDLE_IDENTIFIER = Os.LifeCycle;
				PRODUCT_NAME = "$(TARGET_NAME)";
				SWIFT_VERSION = 4.2;
				TARGETED_DEVICE_FAMILY = "1,2";
			};
			name = Release;
		};
		55CA88722247DB05005FDD77 /* Debug */ = {
			isa = XCBuildConfiguration;
			buildSettings = {
				ALWAYS_EMBED_SWIFT_STANDARD_LIBRARIES = YES;
				BUNDLE_LOADER = "$(TEST_HOST)";
				CODE_SIGN_STYLE = Automatic;
				DEVELOPMENT_TEAM = 55CAP79G8F;
				INFOPLIST_FILE = LifeCycleTests/Info.plist;
				LD_RUNPATH_SEARCH_PATHS = (
					"$(inherited)",
					"@executable_path/Frameworks",
					"@loader_path/Frameworks",
				);
				PRODUCT_BUNDLE_IDENTIFIER = Os.LifeCycleTests;
				PRODUCT_NAME = "$(TARGET_NAME)";
				SWIFT_VERSION = 4.2;
				TARGETED_DEVICE_FAMILY = "1,2";
				TEST_HOST = "$(BUILT_PRODUCTS_DIR)/LifeCycle.app/LifeCycle";
			};
			name = Debug;
		};
		55CA88732247DB05005FDD77 /* Release */ = {
			isa = XCBuildConfiguration;
			buildSettings = {
				ALWAYS_EMBED_SWIFT_STANDARD_LIBRARIES = YES;
				BUNDLE_LOADER = "$(TEST_HOST)";
				CODE_SIGN_STYLE = Automatic;
				DEVELOPMENT_TEAM = 55CAP79G8F;
				INFOPLIST_FILE = LifeCycleTests/Info.plist;
				LD_RUNPATH_SEARCH_PATHS = (
					"$(inherited)",
					"@executable_path/Frameworks",
					"@loader_path/Frameworks",
				);
				PRODUCT_BUNDLE_IDENTIFIER = Os.LifeCycleTests;
				PRODUCT_NAME = "$(TARGET_NAME)";
				SWIFT_VERSION = 4.2;
				TARGETED_DEVICE_FAMILY = "1,2";
				TEST_HOST = "$(BUILT_PRODUCTS_DIR)/LifeCycle.app/LifeCycle";
			};
			name = Release;
		};
		55CA88752247DB05005FDD77 /* Debug */ = {
			isa = XCBuildConfiguration;
			buildSettings = {
				ALWAYS_EMBED_SWIFT_STANDARD_LIBRARIES = YES;
				CODE_SIGN_STYLE = Automatic;
				DEVELOPMENT_TEAM = 55CAP79G8F;
				INFOPLIST_FILE = LifeCycleUITests/Info.plist;
				LD_RUNPATH_SEARCH_PATHS = (
					"$(inherited)",
					"@executable_path/Frameworks",
					"@loader_path/Frameworks",
				);
				PRODUCT_BUNDLE_IDENTIFIER = Os.LifeCycleUITests;
				PRODUCT_NAME = "$(TARGET_NAME)";
				SWIFT_VERSION = 4.2;
				TARGETED_DEVICE_FAMILY = "1,2";
				TEST_TARGET_NAME = LifeCycle;
			};
			name = Debug;
		};
		55CA88762247DB05005FDD77 /* Release */ = {
			isa = XCBuildConfiguration;
			buildSettings = {
				ALWAYS_EMBED_SWIFT_STANDARD_LIBRARIES = YES;
				CODE_SIGN_STYLE = Automatic;
				DEVELOPMENT_TEAM = 55CAP79G8F;
				INFOPLIST_FILE = LifeCycleUITests/Info.plist;
				LD_RUNPATH_SEARCH_PATHS = (
					"$(inherited)",
					"@executable_path/Frameworks",
					"@loader_path/Frameworks",
				);
				PRODUCT_BUNDLE_IDENTIFIER = Os.LifeCycleUITests;
				PRODUCT_NAME = "$(TARGET_NAME)";
				SWIFT_VERSION = 4.2;
				TARGETED_DEVICE_FAMILY = "1,2";
				TEST_TARGET_NAME = LifeCycle;
			};
			name = Release;
		};
/* End XCBuildConfiguration section */

/* Begin XCConfigurationList section */
		55CA88412247DB01005FDD77 /* Build configuration list for PBXProject "LifeCycle" */ = {
			isa = XCConfigurationList;
			buildConfigurations = (
				55CA886C2247DB05005FDD77 /* Debug */,
				55CA886D2247DB05005FDD77 /* Release */,
			);
			defaultConfigurationIsVisible = 0;
			defaultConfigurationName = Release;
		};
		55CA886E2247DB05005FDD77 /* Build configuration list for PBXNativeTarget "LifeCycle" */ = {
			isa = XCConfigurationList;
			buildConfigurations = (
				55CA886F2247DB05005FDD77 /* Debug */,
				55CA88702247DB05005FDD77 /* Release */,
			);
			defaultConfigurationIsVisible = 0;
			defaultConfigurationName = Release;
		};
		55CA88712247DB05005FDD77 /* Build configuration list for PBXNativeTarget "LifeCycleTests" */ = {
			isa = XCConfigurationList;
			buildConfigurations = (
				55CA88722247DB05005FDD77 /* Debug */,
				55CA88732247DB05005FDD77 /* Release */,
			);
			defaultConfigurationIsVisible = 0;
			defaultConfigurationName = Release;
		};
		55CA88742247DB05005FDD77 /* Build configuration list for PBXNativeTarget "LifeCycleUITests" */ = {
			isa = XCConfigurationList;
			buildConfigurations = (
				55CA88752247DB05005FDD77 /* Debug */,
				55CA88762247DB05005FDD77 /* Release */,
			);
			defaultConfigurationIsVisible = 0;
			defaultConfigurationName = Release;
		};
/* End XCConfigurationList section */
	};
	rootObject = 55CA883E2247DB01005FDD77 /* Project object */;
}
